// !$*UTF8*$!
{
	archiveVersion = 1;
	classes = {
	};
	objectVersion = 48;
	objects = {

/* Begin PBXBuildFile section */
		13011A321F9F16EE008FB118 /* imageInteractor.swift in Sources */ = {isa = PBXBuildFile; fileRef = 13011A2C1F9F16EE008FB118 /* imageInteractor.swift */; };
		13011A341F9F16EE008FB118 /* imagePresenter.swift in Sources */ = {isa = PBXBuildFile; fileRef = 13011A2E1F9F16EE008FB118 /* imagePresenter.swift */; };
		13011A361F9F16EE008FB118 /* imageViewController.swift in Sources */ = {isa = PBXBuildFile; fileRef = 13011A301F9F16EE008FB118 /* imageViewController.swift */; };
		13011A391F9F1776008FB118 /* image.storyboard in Resources */ = {isa = PBXBuildFile; fileRef = 13011A381F9F1776008FB118 /* image.storyboard */; };
		13011A3B1F9F19DD008FB118 /* UIImage+Converter.swift in Sources */ = {isa = PBXBuildFile; fileRef = 13011A3A1F9F19DD008FB118 /* UIImage+Converter.swift */; };
		13011A3F1F9F3615008FB118 /* ImageRouter.swift in Sources */ = {isa = PBXBuildFile; fileRef = 13011A3E1F9F3615008FB118 /* ImageRouter.swift */; };
		13011A411F9F3A55008FB118 /* MainRouter.swift in Sources */ = {isa = PBXBuildFile; fileRef = 13011A401F9F3A55008FB118 /* MainRouter.swift */; };
		13011A431F9F4432008FB118 /* SqueezeNet.mlmodel in Sources */ = {isa = PBXBuildFile; fileRef = 13011A421F9F442F008FB118 /* SqueezeNet.mlmodel */; };
		133B2BD91F9E1E2B000BA897 /* AppDelegate.swift in Sources */ = {isa = PBXBuildFile; fileRef = 133B2BD81F9E1E2B000BA897 /* AppDelegate.swift */; };
		133B2BDE1F9E1E2B000BA897 /* Main.storyboard in Resources */ = {isa = PBXBuildFile; fileRef = 133B2BDC1F9E1E2B000BA897 /* Main.storyboard */; };
		133B2BE01F9E1E2B000BA897 /* Assets.xcassets in Resources */ = {isa = PBXBuildFile; fileRef = 133B2BDF1F9E1E2B000BA897 /* Assets.xcassets */; };
		133B2BE31F9E1E2B000BA897 /* LaunchScreen.storyboard in Resources */ = {isa = PBXBuildFile; fileRef = 133B2BE11F9E1E2B000BA897 /* LaunchScreen.storyboard */; };
		133B2BF41F9E1FDE000BA897 /* MainInteractor.swift in Sources */ = {isa = PBXBuildFile; fileRef = 133B2BEE1F9E1FDE000BA897 /* MainInteractor.swift */; };
		133B2BF61F9E1FDE000BA897 /* MainPresenter.swift in Sources */ = {isa = PBXBuildFile; fileRef = 133B2BF01F9E1FDE000BA897 /* MainPresenter.swift */; };
		133B2BF81F9E1FDE000BA897 /* MainViewController.swift in Sources */ = {isa = PBXBuildFile; fileRef = 133B2BF21F9E1FDE000BA897 /* MainViewController.swift */; };
/* End PBXBuildFile section */

/* Begin PBXFileReference section */
		13011A2C1F9F16EE008FB118 /* imageInteractor.swift */ = {isa = PBXFileReference; lastKnownFileType = sourcecode.swift; path = imageInteractor.swift; sourceTree = "<group>"; };
		13011A2E1F9F16EE008FB118 /* imagePresenter.swift */ = {isa = PBXFileReference; lastKnownFileType = sourcecode.swift; path = imagePresenter.swift; sourceTree = "<group>"; };
		13011A301F9F16EE008FB118 /* imageViewController.swift */ = {isa = PBXFileReference; lastKnownFileType = sourcecode.swift; path = imageViewController.swift; sourceTree = "<group>"; };
		13011A381F9F1776008FB118 /* image.storyboard */ = {isa = PBXFileReference; lastKnownFileType = file.storyboard; path = image.storyboard; sourceTree = "<group>"; };
		13011A3A1F9F19DD008FB118 /* UIImage+Converter.swift */ = {isa = PBXFileReference; lastKnownFileType = sourcecode.swift; path = "UIImage+Converter.swift"; sourceTree = "<group>"; };
		13011A3E1F9F3615008FB118 /* ImageRouter.swift */ = {isa = PBXFileReference; lastKnownFileType = sourcecode.swift; path = ImageRouter.swift; sourceTree = "<group>"; };
		13011A401F9F3A55008FB118 /* MainRouter.swift */ = {isa = PBXFileReference; lastKnownFileType = sourcecode.swift; path = MainRouter.swift; sourceTree = "<group>"; };
		13011A421F9F442F008FB118 /* SqueezeNet.mlmodel */ = {isa = PBXFileReference; lastKnownFileType = file.mlmodel; path = SqueezeNet.mlmodel; sourceTree = "<group>"; };
		133B2BD51F9E1E2B000BA897 /* MLNumb.app */ = {isa = PBXFileReference; explicitFileType = wrapper.application; includeInIndex = 0; path = MLNumb.app; sourceTree = BUILT_PRODUCTS_DIR; };
		133B2BD81F9E1E2B000BA897 /* AppDelegate.swift */ = {isa = PBXFileReference; lastKnownFileType = sourcecode.swift; path = AppDelegate.swift; sourceTree = "<group>"; };
		133B2BDD1F9E1E2B000BA897 /* Base */ = {isa = PBXFileReference; lastKnownFileType = file.storyboard; name = Base; path = Base.lproj/Main.storyboard; sourceTree = "<group>"; };
		133B2BDF1F9E1E2B000BA897 /* Assets.xcassets */ = {isa = PBXFileReference; lastKnownFileType = folder.assetcatalog; path = Assets.xcassets; sourceTree = "<group>"; };
		133B2BE21F9E1E2B000BA897 /* Base */ = {isa = PBXFileReference; lastKnownFileType = file.storyboard; name = Base; path = Base.lproj/LaunchScreen.storyboard; sourceTree = "<group>"; };
		133B2BE41F9E1E2B000BA897 /* Info.plist */ = {isa = PBXFileReference; lastKnownFileType = text.plist.xml; path = Info.plist; sourceTree = "<group>"; };
		133B2BEE1F9E1FDE000BA897 /* MainInteractor.swift */ = {isa = PBXFileReference; lastKnownFileType = sourcecode.swift; path = MainInteractor.swift; sourceTree = "<group>"; };
		133B2BF01F9E1FDE000BA897 /* MainPresenter.swift */ = {isa = PBXFileReference; lastKnownFileType = sourcecode.swift; path = MainPresenter.swift; sourceTree = "<group>"; };
		133B2BF21F9E1FDE000BA897 /* MainViewController.swift */ = {isa = PBXFileReference; lastKnownFileType = sourcecode.swift; path = MainViewController.swift; sourceTree = "<group>"; };
/* End PBXFileReference section */

/* Begin PBXFrameworksBuildPhase section */
		133B2BD21F9E1E2B000BA897 /* Frameworks */ = {
			isa = PBXFrameworksBuildPhase;
			buildActionMask = 2147483647;
			files = (
			);
			runOnlyForDeploymentPostprocessing = 0;
		};
/* End PBXFrameworksBuildPhase section */

/* Begin PBXGroup section */
		13011A2A1F9F16A6008FB118 /* Router */ = {
			isa = PBXGroup;
			children = (
				13011A3E1F9F3615008FB118 /* ImageRouter.swift */,
			);
			path = Router;
			sourceTree = "<group>";
		};
		13011A2B1F9F16CE008FB118 /* Image */ = {
			isa = PBXGroup;
			children = (
				13011A2C1F9F16EE008FB118 /* imageInteractor.swift */,
				13011A2E1F9F16EE008FB118 /* imagePresenter.swift */,
				13011A301F9F16EE008FB118 /* imageViewController.swift */,
				13011A381F9F1776008FB118 /* image.storyboard */,
			);
			path = Image;
			sourceTree = "<group>";
		};
		13011A3C1F9F19E7008FB118 /* Extensions */ = {
			isa = PBXGroup;
			children = (
				13011A3A1F9F19DD008FB118 /* UIImage+Converter.swift */,
			);
			path = Extensions;
			sourceTree = "<group>";
		};
		13011A3D1F9F1A29008FB118 /* SupportFiles */ = {
			isa = PBXGroup;
			children = (
				133B2BE11F9E1E2B000BA897 /* LaunchScreen.storyboard */,
				133B2BD81F9E1E2B000BA897 /* AppDelegate.swift */,
				133B2BDF1F9E1E2B000BA897 /* Assets.xcassets */,
			);
			path = SupportFiles;
			sourceTree = "<group>";
		};
		133B2BCC1F9E1E2B000BA897 = {
			isa = PBXGroup;
			children = (
				133B2BD71F9E1E2B000BA897 /* MLNumb */,
				133B2BD61F9E1E2B000BA897 /* Products */,
			);
			sourceTree = "<group>";
		};
		133B2BD61F9E1E2B000BA897 /* Products */ = {
			isa = PBXGroup;
			children = (
				133B2BD51F9E1E2B000BA897 /* MLNumb.app */,
			);
			name = Products;
			sourceTree = "<group>";
		};
		133B2BD71F9E1E2B000BA897 /* MLNumb */ = {
			isa = PBXGroup;
			children = (
				133B2BE41F9E1E2B000BA897 /* Info.plist */,
				13011A3D1F9F1A29008FB118 /* SupportFiles */,
				13011A3C1F9F19E7008FB118 /* Extensions */,
				133B2BED1F9E1FAC000BA897 /* MLModel */,
				133B2BFA1F9E1FF4000BA897 /* Scenes */,
			);
			path = MLNumb;
			sourceTree = "<group>";
		};
		133B2BEC1F9E1F9F000BA897 /* Main */ = {
			isa = PBXGroup;
			children = (
				133B2BDC1F9E1E2B000BA897 /* Main.storyboard */,
				133B2BEE1F9E1FDE000BA897 /* MainInteractor.swift */,
				133B2BF01F9E1FDE000BA897 /* MainPresenter.swift */,
				133B2BF21F9E1FDE000BA897 /* MainViewController.swift */,
				13011A401F9F3A55008FB118 /* MainRouter.swift */,
			);
			path = Main;
			sourceTree = "<group>";
		};
		133B2BED1F9E1FAC000BA897 /* MLModel */ = {
			isa = PBXGroup;
			children = (
				13011A421F9F442F008FB118 /* SqueezeNet.mlmodel */,
			);
			path = MLModel;
			sourceTree = "<group>";
		};
		133B2BFA1F9E1FF4000BA897 /* Scenes */ = {
			isa = PBXGroup;
			children = (
				13011A2B1F9F16CE008FB118 /* Image */,
				13011A2A1F9F16A6008FB118 /* Router */,
				133B2BEC1F9E1F9F000BA897 /* Main */,
			);
			path = Scenes;
			sourceTree = "<group>";
		};
/* End PBXGroup section */

/* Begin PBXNativeTarget section */
		133B2BD41F9E1E2B000BA897 /* MLNumb */ = {
			isa = PBXNativeTarget;
			buildConfigurationList = 133B2BE71F9E1E2B000BA897 /* Build configuration list for PBXNativeTarget "MLNumb" */;
			buildPhases = (
				133B2BD11F9E1E2B000BA897 /* Sources */,
				133B2BD21F9E1E2B000BA897 /* Frameworks */,
				133B2BD31F9E1E2B000BA897 /* Resources */,
			);
			buildRules = (
			);
			dependencies = (
			);
			name = MLNumb;
			productName = MLNumb;
			productReference = 133B2BD51F9E1E2B000BA897 /* MLNumb.app */;
			productType = "com.apple.product-type.application";
		};
/* End PBXNativeTarget section */

/* Begin PBXProject section */
		133B2BCD1F9E1E2B000BA897 /* Project object */ = {
			isa = PBXProject;
			attributes = {
				KnownAssetTags = (
					New,
				);
				LastSwiftUpdateCheck = 0900;
				LastUpgradeCheck = 0900;
				ORGANIZATIONNAME = "Achmad Jeihan Pahlevi";
				TargetAttributes = {
					133B2BD41F9E1E2B000BA897 = {
						CreatedOnToolsVersion = 9.0;
						ProvisioningStyle = Automatic;
					};
				};
			};
			buildConfigurationList = 133B2BD01F9E1E2B000BA897 /* Build configuration list for PBXProject "MLNumb" */;
			compatibilityVersion = "Xcode 8.0";
			developmentRegion = en;
			hasScannedForEncodings = 0;
			knownRegions = (
				en,
				Base,
			);
			mainGroup = 133B2BCC1F9E1E2B000BA897;
			productRefGroup = 133B2BD61F9E1E2B000BA897 /* Products */;
			projectDirPath = "";
			projectRoot = "";
			targets = (
				133B2BD41F9E1E2B000BA897 /* MLNumb */,
			);
		};
/* End PBXProject section */

/* Begin PBXResourcesBuildPhase section */
		133B2BD31F9E1E2B000BA897 /* Resources */ = {
			isa = PBXResourcesBuildPhase;
			buildActionMask = 2147483647;
			files = (
				133B2BE31F9E1E2B000BA897 /* LaunchScreen.storyboard in Resources */,
				133B2BE01F9E1E2B000BA897 /* Assets.xcassets in Resources */,
				13011A391F9F1776008FB118 /* image.storyboard in Resources */,
				133B2BDE1F9E1E2B000BA897 /* Main.storyboard in Resources */,
			);
			runOnlyForDeploymentPostprocessing = 0;
		};
/* End PBXResourcesBuildPhase section */

/* Begin PBXSourcesBuildPhase section */
		133B2BD11F9E1E2B000BA897 /* Sources */ = {
			isa = PBXSourcesBuildPhase;
			buildActionMask = 2147483647;
			files = (
				13011A3B1F9F19DD008FB118 /* UIImage+Converter.swift in Sources */,
				13011A321F9F16EE008FB118 /* imageInteractor.swift in Sources */,
				13011A341F9F16EE008FB118 /* imagePresenter.swift in Sources */,
				133B2BF81F9E1FDE000BA897 /* MainViewController.swift in Sources */,
				133B2BF61F9E1FDE000BA897 /* MainPresenter.swift in Sources */,
				13011A3F1F9F3615008FB118 /* ImageRouter.swift in Sources */,
				133B2BD91F9E1E2B000BA897 /* AppDelegate.swift in Sources */,
				13011A431F9F4432008FB118 /* SqueezeNet.mlmodel in Sources */,
				13011A361F9F16EE008FB118 /* imageViewController.swift in Sources */,
				13011A411F9F3A55008FB118 /* MainRouter.swift in Sources */,
				133B2BF41F9E1FDE000BA897 /* MainInteractor.swift in Sources */,
			);
			runOnlyForDeploymentPostprocessing = 0;
		};
/* End PBXSourcesBuildPhase section */

/* Begin PBXVariantGroup section */
		133B2BDC1F9E1E2B000BA897 /* Main.storyboard */ = {
			isa = PBXVariantGroup;
			children = (
				133B2BDD1F9E1E2B000BA897 /* Base */,
			);
			name = Main.storyboard;
			sourceTree = "<group>";
		};
		133B2BE11F9E1E2B000BA897 /* LaunchScreen.storyboard */ = {
			isa = PBXVariantGroup;
			children = (
				133B2BE21F9E1E2B000BA897 /* Base */,
			);
			name = LaunchScreen.storyboard;
			sourceTree = "<group>";
		};
/* End PBXVariantGroup section */

/* Begin XCBuildConfiguration section */
		133B2BE51F9E1E2B000BA897 /* Debug */ = {
			isa = XCBuildConfiguration;
			buildSettings = {
				ALWAYS_SEARCH_USER_PATHS = NO;
				CLANG_ANALYZER_NONNULL = YES;
				CLANG_ANALYZER_NUMBER_OBJECT_CONVERSION = YES_AGGRESSIVE;
				CLANG_CXX_LANGUAGE_STANDARD = "gnu++14";
				CLANG_CXX_LIBRARY = "libc++";
				CLANG_ENABLE_MODULES = YES;
				CLANG_ENABLE_OBJC_ARC = YES;
				CLANG_WARN_BLOCK_CAPTURE_AUTORELEASING = YES;
				CLANG_WARN_BOOL_CONVERSION = YES;
				CLANG_WARN_COMMA = YES;
				CLANG_WARN_CONSTANT_CONVERSION = YES;
				CLANG_WARN_DIRECT_OBJC_ISA_USAGE = YES_ERROR;
				CLANG_WARN_DOCUMENTATION_COMMENTS = YES;
				CLANG_WARN_EMPTY_BODY = YES;
				CLANG_WARN_ENUM_CONVERSION = YES;
				CLANG_WARN_INFINITE_RECURSION = YES;
				CLANG_WARN_INT_CONVERSION = YES;
				CLANG_WARN_NON_LITERAL_NULL_CONVERSION = YES;
				CLANG_WARN_OBJC_LITERAL_CONVERSION = YES;
				CLANG_WARN_OBJC_ROOT_CLASS = YES_ERROR;
				CLANG_WARN_RANGE_LOOP_ANALYSIS = YES;
				CLANG_WARN_STRICT_PROTOTYPES = YES;
				CLANG_WARN_SUSPICIOUS_MOVE = YES;
				CLANG_WARN_UNGUARDED_AVAILABILITY = YES_AGGRESSIVE;
				CLANG_WARN_UNREACHABLE_CODE = YES;
				CLANG_WARN__DUPLICATE_METHOD_MATCH = YES;
				CODE_SIGN_IDENTITY = "iPhone Developer";
				COPY_PHASE_STRIP = NO;
				DEBUG_INFORMATION_FORMAT = dwarf;
				ENABLE_STRICT_OBJC_MSGSEND = YES;
				ENABLE_TESTABILITY = YES;
				GCC_C_LANGUAGE_STANDARD = gnu11;
				GCC_DYNAMIC_NO_PIC = NO;
				GCC_NO_COMMON_BLOCKS = YES;
				GCC_OPTIMIZATION_LEVEL = 0;
				GCC_PREPROCESSOR_DEFINITIONS = (
					"DEBUG=1",
					"$(inherited)",
				);
				GCC_WARN_64_TO_32_BIT_CONVERSION = YES;
				GCC_WARN_ABOUT_RETURN_TYPE = YES_ERROR;
				GCC_WARN_UNDECLARED_SELECTOR = YES;
				GCC_WARN_UNINITIALIZED_AUTOS = YES_AGGRESSIVE;
				GCC_WARN_UNUSED_FUNCTION = YES;
				GCC_WARN_UNUSED_VARIABLE = YES;
				IPHONEOS_DEPLOYMENT_TARGET = 11.0;
				MTL_ENABLE_DEBUG_INFO = YES;
				ONLY_ACTIVE_ARCH = YES;
				SDKROOT = iphoneos;
				SWIFT_ACTIVE_COMPILATION_CONDITIONS = DEBUG;
				SWIFT_OPTIMIZATION_LEVEL = "-Onone";
			};
			name = Debug;
		};
		133B2BE61F9E1E2B000BA897 /* Release */ = {
			isa = XCBuildConfiguration;
			buildSettings = {
				ALWAYS_SEARCH_USER_PATHS = NO;
				CLANG_ANALYZER_NONNULL = YES;
				CLANG_ANALYZER_NUMBER_OBJECT_CONVERSION = YES_AGGRESSIVE;
				CLANG_CXX_LANGUAGE_STANDARD = "gnu++14";
				CLANG_CXX_LIBRARY = "libc++";
				CLANG_ENABLE_MODULES = YES;
				CLANG_ENABLE_OBJC_ARC = YES;
				CLANG_WARN_BLOCK_CAPTURE_AUTORELEASING = YES;
				CLANG_WARN_BOOL_CONVERSION = YES;
				CLANG_WARN_COMMA = YES;
				CLANG_WARN_CONSTANT_CONVERSION = YES;
				CLANG_WARN_DIRECT_OBJC_ISA_USAGE = YES_ERROR;
				CLANG_WARN_DOCUMENTATION_COMMENTS = YES;
				CLANG_WARN_EMPTY_BODY = YES;
				CLANG_WARN_ENUM_CONVERSION = YES;
				CLANG_WARN_INFINITE_RECURSION = YES;
				CLANG_WARN_INT_CONVERSION = YES;
				CLANG_WARN_NON_LITERAL_NULL_CONVERSION = YES;
				CLANG_WARN_OBJC_LITERAL_CONVERSION = YES;
				CLANG_WARN_OBJC_ROOT_CLASS = YES_ERROR;
				CLANG_WARN_RANGE_LOOP_ANALYSIS = YES;
				CLANG_WARN_STRICT_PROTOTYPES = YES;
				CLANG_WARN_SUSPICIOUS_MOVE = YES;
				CLANG_WARN_UNGUARDED_AVAILABILITY = YES_AGGRESSIVE;
				CLANG_WARN_UNREACHABLE_CODE = YES;
				CLANG_WARN__DUPLICATE_METHOD_MATCH = YES;
				CODE_SIGN_IDENTITY = "iPhone Developer";
				COPY_PHASE_STRIP = NO;
				DEBUG_INFORMATION_FORMAT = "dwarf-with-dsym";
				ENABLE_NS_ASSERTIONS = NO;
				ENABLE_STRICT_OBJC_MSGSEND = YES;
				GCC_C_LANGUAGE_STANDARD = gnu11;
				GCC_NO_COMMON_BLOCKS = YES;
				GCC_WARN_64_TO_32_BIT_CONVERSION = YES;
				GCC_WARN_ABOUT_RETURN_TYPE = YES_ERROR;
				GCC_WARN_UNDECLARED_SELECTOR = YES;
				GCC_WARN_UNINITIALIZED_AUTOS = YES_AGGRESSIVE;
				GCC_WARN_UNUSED_FUNCTION = YES;
				GCC_WARN_UNUSED_VARIABLE = YES;
				IPHONEOS_DEPLOYMENT_TARGET = 11.0;
				MTL_ENABLE_DEBUG_INFO = NO;
				SDKROOT = iphoneos;
				SWIFT_OPTIMIZATION_LEVEL = "-Owholemodule";
				VALIDATE_PRODUCT = YES;
			};
			name = Release;
		};
		133B2BE81F9E1E2B000BA897 /* Debug */ = {
			isa = XCBuildConfiguration;
			buildSettings = {
				ASSETCATALOG_COMPILER_APPICON_NAME = AppIcon;
				CODE_SIGN_STYLE = Automatic;
				DEVELOPMENT_TEAM = 2G6QT6V385;
				INFOPLIST_FILE = MLNumb/Info.plist;
				LD_RUNPATH_SEARCH_PATHS = "$(inherited) @executable_path/Frameworks";
				PRODUCT_BUNDLE_IDENTIFIER = com.TreeStudio.MLNumb;
				PRODUCT_NAME = "$(TARGET_NAME)";
				SWIFT_VERSION = 4.0;
				TARGETED_DEVICE_FAMILY = "1,2";
			};
			name = Debug;
		};
		133B2BE91F9E1E2B000BA897 /* Release */ = {
			isa = XCBuildConfiguration;
			buildSettings = {
				ASSETCATALOG_COMPILER_APPICON_NAME = AppIcon;
				CODE_SIGN_STYLE = Automatic;
				DEVELOPMENT_TEAM = 2G6QT6V385;
				INFOPLIST_FILE = MLNumb/Info.plist;
				LD_RUNPATH_SEARCH_PATHS = "$(inherited) @executable_path/Frameworks";
				PRODUCT_BUNDLE_IDENTIFIER = com.TreeStudio.MLNumb;
				PRODUCT_NAME = "$(TARGET_NAME)";
				SWIFT_VERSION = 4.0;
				TARGETED_DEVICE_FAMILY = "1,2";
			};
			name = Release;
		};
/* End XCBuildConfiguration section */

/* Begin XCConfigurationList section */
		133B2BD01F9E1E2B000BA897 /* Build configuration list for PBXProject "MLNumb" */ = {
			isa = XCConfigurationList;
			buildConfigurations = (
				133B2BE51F9E1E2B000BA897 /* Debug */,
				133B2BE61F9E1E2B000BA897 /* Release */,
			);
			defaultConfigurationIsVisible = 0;
			defaultConfigurationName = Release;
		};
		133B2BE71F9E1E2B000BA897 /* Build configuration list for PBXNativeTarget "MLNumb" */ = {
			isa = XCConfigurationList;
			buildConfigurations = (
				133B2BE81F9E1E2B000BA897 /* Debug */,
				133B2BE91F9E1E2B000BA897 /* Release */,
			);
			defaultConfigurationIsVisible = 0;
			defaultConfigurationName = Release;
		};
/* End XCConfigurationList section */
	};
	rootObject = 133B2BCD1F9E1E2B000BA897 /* Project object */;
}
